
Microsoft Visual Studio Solution File, Format Version 12.00
# Visual Studio 14
VisualStudioVersion = 14.0.25420.1
MinimumVisualStudioVersion = 10.0.40219.1
Project("{FAE04EC0-301F-11D3-BF4B-00C04F79EFBC}") = "AirTickets", "AirTickets\AirTickets.csproj", "{D5CECAED-94D2-414A-9BFA-BCA76558C944}"
EndProject
Project("{FAE04EC0-301F-11D3-BF4B-00C04F79EFBC}") = "AirTickets.Tests", "AirTickets.Tests\AirTickets.Tests.csproj", "{D78B382E-4245-4BAE-B977-638A421BC40E}"
EndProject
Global
	GlobalSection(SolutionConfigurationPlatforms) = preSolution
		Debug|Any CPU = Debug|Any CPU
		Release|Any CPU = Release|Any CPU
	EndGlobalSection
	GlobalSection(ProjectConfigurationPlatforms) = postSolution
		{D5CECAED-94D2-414A-9BFA-BCA76558C944}.Debug|Any CPU.ActiveCfg = Debug|Any CPU
		{D5CECAED-94D2-414A-9BFA-BCA76558C944}.Debug|Any CPU.Build.0 = Debug|Any CPU
		{D5CECAED-94D2-414A-9BFA-BCA76558C944}.Release|Any CPU.ActiveCfg = Release|Any CPU
		{D5CECAED-94D2-414A-9BFA-BCA76558C944}.Release|Any CPU.Build.0 = Release|Any CPU
		{D78B382E-4245-4BAE-B977-638A421BC40E}.Debug|Any CPU.ActiveCfg = Debug|Any CPU
		{D78B382E-4245-4BAE-B977-638A421BC40E}.Debug|Any CPU.Build.0 = Debug|Any CPU
		{D78B382E-4245-4BAE-B977-638A421BC40E}.Release|Any CPU.ActiveCfg = Release|Any CPU
		{D78B382E-4245-4BAE-B977-638A421BC40E}.Release|Any CPU.Build.0 = Release|Any CPU
	EndGlobalSection
	GlobalSection(SolutionProperties) = preSolution
		HideSolutionNode = FALSE
	EndGlobalSection
EndGlobal
